
Microsoft Visual Studio Solution File, Format Version 12.00
# Visual Studio Version 16
VisualStudioVersion = 16.0.30611.23
MinimumVisualStudioVersion = 10.0.40219.1
Project("{FAE04EC0-301F-11D3-BF4B-00C04F79EFBC}") = "SahibindenCom", "SahibindenCom.csproj", "{F2AEDC7B-AE21-4D0C-AA43-A8FA67F39088}"
EndProject
Global
	GlobalSection(SolutionConfigurationPlatforms) = preSolution
		Debug|Any CPU = Debug|Any CPU
		Release|Any CPU = Release|Any CPU
	EndGlobalSection
	GlobalSection(ProjectConfigurationPlatforms) = postSolution
		{F2AEDC7B-AE21-4D0C-AA43-A8FA67F39088}.Debug|Any CPU.ActiveCfg = Debug|Any CPU
		{F2AEDC7B-AE21-4D0C-AA43-A8FA67F39088}.Debug|Any CPU.Build.0 = Debug|Any CPU
		{F2AEDC7B-AE21-4D0C-AA43-A8FA67F39088}.Release|Any CPU.ActiveCfg = Release|Any CPU
		{F2AEDC7B-AE21-4D0C-AA43-A8FA67F39088}.Release|Any CPU.Build.0 = Release|Any CPU
	EndGlobalSection
	GlobalSection(SolutionProperties) = preSolution
		HideSolutionNode = FALSE
	EndGlobalSection
	GlobalSection(ExtensibilityGlobals) = postSolution
		SolutionGuid = {44C3DAE5-CE32-415D-A206-BA9F9EFED876}
	EndGlobalSection
EndGlobal
